
Microsoft Visual Studio Solution File, Format Version 12.00
# Visual Studio Version 17
VisualStudioVersion = 17.8.34322.80
MinimumVisualStudioVersion = 10.0.40219.1
Project("{FAE04EC0-301F-11D3-BF4B-00C04F79EFBC}") = "KareVeKupAl", "KareVeKupAl\KareVeKupAl.csproj", "{8BC46F15-6853-4F9C-B761-752BDC729D8E}"
EndProject
Global
	GlobalSection(SolutionConfigurationPlatforms) = preSolution
		Debug|Any CPU = Debug|Any CPU
		Release|Any CPU = Release|Any CPU
	EndGlobalSection
	GlobalSection(ProjectConfigurationPlatforms) = postSolution
		{8BC46F15-6853-4F9C-B761-752BDC729D8E}.Debug|Any CPU.ActiveCfg = Debug|Any CPU
		{8BC46F15-6853-4F9C-B761-752BDC729D8E}.Debug|Any CPU.Build.0 = Debug|Any CPU
		{8BC46F15-6853-4F9C-B761-752BDC729D8E}.Release|Any CPU.ActiveCfg = Release|Any CPU
		{8BC46F15-6853-4F9C-B761-752BDC729D8E}.Release|Any CPU.Build.0 = Release|Any CPU
	EndGlobalSection
	GlobalSection(SolutionProperties) = preSolution
		HideSolutionNode = FALSE
	EndGlobalSection
	GlobalSection(ExtensibilityGlobals) = postSolution
		SolutionGuid = {FED2E258-2C89-46D3-953D-C63B456922C2}
	EndGlobalSection
EndGlobal
